
Microsoft Visual Studio Solution File, Format Version 12.00
# Visual Studio Version 16
VisualStudioVersion = 16.0.31702.278
MinimumVisualStudioVersion = 10.0.40219.1
Project("{FAE04EC0-301F-11D3-BF4B-00C04F79EFBC}") = "UserMaintenance", "UserMaintenance\UserMaintenance.csproj", "{2C8D9100-2B00-41D4-923B-C65CA38705BA}"
EndProject
Global
	GlobalSection(SolutionConfigurationPlatforms) = preSolution
		Debug|Any CPU = Debug|Any CPU
		Release|Any CPU = Release|Any CPU
	EndGlobalSection
	GlobalSection(ProjectConfigurationPlatforms) = postSolution
		{2C8D9100-2B00-41D4-923B-C65CA38705BA}.Debug|Any CPU.ActiveCfg = Debug|Any CPU
		{2C8D9100-2B00-41D4-923B-C65CA38705BA}.Debug|Any CPU.Build.0 = Debug|Any CPU
		{2C8D9100-2B00-41D4-923B-C65CA38705BA}.Release|Any CPU.ActiveCfg = Release|Any CPU
		{2C8D9100-2B00-41D4-923B-C65CA38705BA}.Release|Any CPU.Build.0 = Release|Any CPU
	EndGlobalSection
	GlobalSection(SolutionProperties) = preSolution
		HideSolutionNode = FALSE
	EndGlobalSection
	GlobalSection(ExtensibilityGlobals) = postSolution
		SolutionGuid = {07830501-2AA3-4A7A-BA84-93A4BAE3F11F}
	EndGlobalSection
EndGlobal
