
Microsoft Visual Studio Solution File, Format Version 12.00
# Visual Studio Version 16
VisualStudioVersion = 16.0.31702.278
MinimumVisualStudioVersion = 10.0.40219.1
Project("{FAE04EC0-301F-11D3-BF4B-00C04F79EFBC}") = "WindowsFormsApp1", "WindowsFormsApp1\WindowsFormsApp1.csproj", "{2D2F0F12-163E-4154-A9C8-50DA42FF6FB6}"
EndProject
Global
	GlobalSection(SolutionConfigurationPlatforms) = preSolution
		Debug|Any CPU = Debug|Any CPU
		Release|Any CPU = Release|Any CPU
	EndGlobalSection
	GlobalSection(ProjectConfigurationPlatforms) = postSolution
		{2D2F0F12-163E-4154-A9C8-50DA42FF6FB6}.Debug|Any CPU.ActiveCfg = Debug|Any CPU
		{2D2F0F12-163E-4154-A9C8-50DA42FF6FB6}.Debug|Any CPU.Build.0 = Debug|Any CPU
		{2D2F0F12-163E-4154-A9C8-50DA42FF6FB6}.Release|Any CPU.ActiveCfg = Release|Any CPU
		{2D2F0F12-163E-4154-A9C8-50DA42FF6FB6}.Release|Any CPU.Build.0 = Release|Any CPU
	EndGlobalSection
	GlobalSection(SolutionProperties) = preSolution
		HideSolutionNode = FALSE
	EndGlobalSection
	GlobalSection(ExtensibilityGlobals) = postSolution
		SolutionGuid = {2F2215E3-8C9D-4FC3-9AC0-62DD3F2293A7}
	EndGlobalSection
EndGlobal
